
Microsoft Visual Studio Solution File, Format Version 12.00
# Visual Studio Version 17
VisualStudioVersion = 17.14.37411.7 d17.14
MinimumVisualStudioVersion = 10.0.40219.1
Project("{888888A0-9F3D-457C-B088-3A5042F75D52}") = "mine", "mine\mine.pyproj", "{166A769C-6389-4DCA-8C6C-ABCC9A4B612F}"
EndProject
Global
	GlobalSection(SolutionConfigurationPlatforms) = preSolution
		Debug|Any CPU = Debug|Any CPU
		Release|Any CPU = Release|Any CPU
	EndGlobalSection
	GlobalSection(ProjectConfigurationPlatforms) = postSolution
		{166A769C-6389-4DCA-8C6C-ABCC9A4B612F}.Debug|Any CPU.ActiveCfg = Debug|Any CPU
		{166A769C-6389-4DCA-8C6C-ABCC9A4B612F}.Release|Any CPU.ActiveCfg = Release|Any CPU
	EndGlobalSection
	GlobalSection(SolutionProperties) = preSolution
		HideSolutionNode = FALSE
	EndGlobalSection
	GlobalSection(ExtensibilityGlobals) = postSolution
		SolutionGuid = {FE6358C4-1047-4D5E-9678-4A7971429845}
	EndGlobalSection
EndGlobal
